
Microsoft Visual Studio Solution File, Format Version 12.00
# Visual Studio Version 16
VisualStudioVersion = 16.0.30611.23
MinimumVisualStudioVersion = 10.0.40219.1
Project("{FAE04EC0-301F-11D3-BF4B-00C04F79EFBC}") = "KritzelGPU", "KritzelGPU\KritzelGPU.csproj", "{B5065B9D-B683-4505-8B7E-BEA2E615614F}"
EndProject
Project("{FAE04EC0-301F-11D3-BF4B-00C04F79EFBC}") = "Kritzel.GLRenderer", "Kritzel.GLRenderer\Kritzel.GLRenderer.csproj", "{7EF2A02B-C985-447E-A439-7FBAB9D9CAB2}"
EndProject
Project("{FAE04EC0-301F-11D3-BF4B-00C04F79EFBC}") = "Kritzel.PointerInputLibrary", "Kritzel.PointerInputLibrary\Kritzel.PointerInputLibrary.csproj", "{CB70DE98-F535-4C66-B90F-7AD99179F2B1}"
EndProject
Project("{FAE04EC0-301F-11D3-BF4B-00C04F79EFBC}") = "Kritzel.WebUI", "Kritzel.WebUI\Kritzel.WebUI.csproj", "{360D50AE-7898-4FA3-B590-2CF3E8621B73}"
EndProject
Project("{FAE04EC0-301F-11D3-BF4B-00C04F79EFBC}") = "Kritzel.HTTPServer", "Kritzel.HTTPServer\Kritzel.HTTPServer.csproj", "{3466A4AB-4C36-48E3-964A-CAB385B4169D}"
EndProject
Project("{FAE04EC0-301F-11D3-BF4B-00C04F79EFBC}") = "Demo.GUI", "Demo.GUI\Demo.GUI.csproj", "{414260BC-CEDE-4192-B8A7-485A228CCAEA}"
EndProject
Project("{FAE04EC0-301F-11D3-BF4B-00C04F79EFBC}") = "Demo.GL", "Demo.GL\Demo.GL.csproj", "{FA1B0AF3-F46C-47D3-9065-0E00EE25E74B}"
EndProject
Project("{FAE04EC0-301F-11D3-BF4B-00C04F79EFBC}") = "Demo.Bezier", "Demo.Bezier\Demo.Bezier.csproj", "{EEB21BC3-6775-4775-87A0-369058174F1C}"
EndProject
Project("{C7167F0D-BC9F-4E6E-AFE1-012C56B48DB5}") = "AppPackage", "AppPackage\AppPackage.wapproj", "{9F29EA8A-565E-4684-BA56-F92E8ED6D46D}"
EndProject
Project("{FAE04EC0-301F-11D3-BF4B-00C04F79EFBC}") = "ImageImporter", "ImageImporter\ImageImporter.csproj", "{37BC2EA8-AB4E-4129-A450-C4E772E708A8}"
EndProject
Project("{FAE04EC0-301F-11D3-BF4B-00C04F79EFBC}") = "WndProcLog", "WndProcLog\WndProcLog.csproj", "{FA967937-9DA0-4FC3-86E2-6D3E5EEC504C}"
EndProject
Project("{9A19103F-16F7-4668-BE54-9A1E7A4F7556}") = "Kritzel.WebCast", "Kritzel.WebCast\Kritzel.WebCast.csproj", "{F8E6820F-1979-4289-BD3D-B542F907FE48}"
EndProject
Project("{FAE04EC0-301F-11D3-BF4B-00C04F79EFBC}") = "Demo.Pen", "Demo.Pen\Demo.Pen.csproj", "{34F625AC-7474-4D8A-8E41-83A84F376383}"
EndProject
Project("{C7167F0D-BC9F-4E6E-AFE1-012C56B48DB5}") = "KritzelAppPackage", "KritzelAppPackage\KritzelAppPackage.wapproj", "{1DE7784E-B71B-47B9-AD4D-1C4FA55A86B5}"
EndProject
Global
	GlobalSection(SolutionConfigurationPlatforms) = preSolution
		Debug|Any CPU = Debug|Any CPU
		Debug|ARM = Debug|ARM
		Debug|ARM64 = Debug|ARM64
		Debug|x64 = Debug|x64
		Debug|x86 = Debug|x86
		Release|Any CPU = Release|Any CPU
		Release|ARM = Release|ARM
		Release|ARM64 = Release|ARM64
		Release|x64 = Release|x64
		Release|x86 = Release|x86
	EndGlobalSection
	GlobalSection(ProjectConfigurationPlatforms) = postSolution
		{B5065B9D-B683-4505-8B7E-BEA2E615614F}.Debug|Any CPU.ActiveCfg = Debug|Any CPU
		{B5065B9D-B683-4505-8B7E-BEA2E615614F}.Debug|Any CPU.Build.0 = Debug|Any CPU
		{B5065B9D-B683-4505-8B7E-BEA2E615614F}.Debug|ARM.ActiveCfg = Debug|Any CPU
		{B5065B9D-B683-4505-8B7E-BEA2E615614F}.Debug|ARM.Build.0 = Debug|Any CPU
		{B5065B9D-B683-4505-8B7E-BEA2E615614F}.Debug|ARM64.ActiveCfg = Debug|Any CPU
		{B5065B9D-B683-4505-8B7E-BEA2E615614F}.Debug|ARM64.Build.0 = Debug|Any CPU
		{B5065B9D-B683-4505-8B7E-BEA2E615614F}.Debug|x64.ActiveCfg = Debug|Any CPU
		{B5065B9D-B683-4505-8B7E-BEA2E615614F}.Debug|x64.Build.0 = Debug|Any CPU
		{B5065B9D-B683-4505-8B7E-BEA2E615614F}.Debug|x86.ActiveCfg = Debug|x86
		{B5065B9D-B683-4505-8B7E-BEA2E615614F}.Debug|x86.Build.0 = Debug|x86
		{B5065B9D-B683-4505-8B7E-BEA2E615614F}.Release|Any CPU.ActiveCfg = Release|Any CPU
		{B5065B9D-B683-4505-8B7E-BEA2E615614F}.Release|Any CPU.Build.0 = Release|Any CPU
		{B5065B9D-B683-4505-8B7E-BEA2E615614F}.Release|ARM.ActiveCfg = Release|Any CPU
		{B5065B9D-B683-4505-8B7E-BEA2E615614F}.Release|ARM.Build.0 = Release|Any CPU
		{B5065B9D-B683-4505-8B7E-BEA2E615614F}.Release|ARM64.ActiveCfg = Release|Any CPU
		{B5065B9D-B683-4505-8B7E-BEA2E615614F}.Release|ARM64.Build.0 = Release|Any CPU
		{B5065B9D-B683-4505-8B7E-BEA2E615614F}.Release|x64.ActiveCfg = Release|Any CPU
		{B5065B9D-B683-4505-8B7E-BEA2E615614F}.Release|x64.Build.0 = Release|Any CPU
		{B5065B9D-B683-4505-8B7E-BEA2E615614F}.Release|x86.ActiveCfg = Release|x86
		{B5065B9D-B683-4505-8B7E-BEA2E615614F}.Release|x86.Build.0 = Release|x86
		{7EF2A02B-C985-447E-A439-7FBAB9D9CAB2}.Debug|Any CPU.ActiveCfg = Debug|Any CPU
		{7EF2A02B-C985-447E-A439-7FBAB9D9CAB2}.Debug|Any CPU.Build.0 = Debug|Any CPU
		{7EF2A02B-C985-447E-A439-7FBAB9D9CAB2}.Debug|ARM.ActiveCfg = Debug|Any CPU
		{7EF2A02B-C985-447E-A439-7FBAB9D9CAB2}.Debug|ARM.Build.0 = Debug|Any CPU
		{7EF2A02B-C985-447E-A439-7FBAB9D9CAB2}.Debug|ARM64.ActiveCfg = Debug|Any CPU
		{7EF2A02B-C985-447E-A439-7FBAB9D9CAB2}.Debug|ARM64.Build.0 = Debug|Any CPU
		{7EF2A02B-C985-447E-A439-7FBAB9D9CAB2}.Debug|x64.ActiveCfg = Debug|Any CPU
		{7EF2A02B-C985-447E-A439-7FBAB9D9CAB2}.Debug|x64.Build.0 = Debug|Any CPU
		{7EF2A02B-C985-447E-A439-7FBAB9D9CAB2}.Debug|x86.ActiveCfg = Debug|Any CPU
		{7EF2A02B-C985-447E-A439-7FBAB9D9CAB2}.Debug|x86.Build.0 = Debug|Any CPU
		{7EF2A02B-C985-447E-A439-7FBAB9D9CAB2}.Release|Any CPU.ActiveCfg = Release|Any CPU
		{7EF2A02B-C985-447E-A439-7FBAB9D9CAB2}.Release|Any CPU.Build.0 = Release|Any CPU
		{7EF2A02B-C985-447E-A439-7FBAB9D9CAB2}.Release|ARM.ActiveCfg = Release|Any CPU
		{7EF2A02B-C985-447E-A439-7FBAB9D9CAB2}.Release|ARM.Build.0 = Release|Any CPU
		{7EF2A02B-C985-447E-A439-7FBAB9D9CAB2}.Release|ARM64.ActiveCfg = Release|Any CPU
		{7EF2A02B-C985-447E-A439-7FBAB9D9CAB2}.Release|ARM64.Build.0 = Release|Any CPU
		{7EF2A02B-C985-447E-A439-7FBAB9D9CAB2}.Release|x64.ActiveCfg = Release|Any CPU
		{7EF2A02B-C985-447E-A439-7FBAB9D9CAB2}.Release|x64.Build.0 = Release|Any CPU
		{7EF2A02B-C985-447E-A439-7FBAB9D9CAB2}.Release|x86.ActiveCfg = Release|Any CPU
		{7EF2A02B-C985-447E-A439-7FBAB9D9CAB2}.Release|x86.Build.0 = Release|Any CPU
		{CB70DE98-F535-4C66-B90F-7AD99179F2B1}.Debug|Any CPU.ActiveCfg = Debug|Any CPU
		{CB70DE98-F535-4C66-B90F-7AD99179F2B1}.Debug|Any CPU.Build.0 = Debug|Any CPU
		{CB70DE98-F535-4C66-B90F-7AD99179F2B1}.Debug|ARM.ActiveCfg = Debug|Any CPU
		{CB70DE98-F535-4C66-B90F-7AD99179F2B1}.Debug|ARM.Build.0 = Debug|Any CPU
		{CB70DE98-F535-4C66-B90F-7AD99179F2B1}.Debug|ARM64.ActiveCfg = Debug|Any CPU
		{CB70DE98-F535-4C66-B90F-7AD99179F2B1}.Debug|ARM64.Build.0 = Debug|Any CPU
		{CB70DE98-F535-4C66-B90F-7AD99179F2B1}.Debug|x64.ActiveCfg = Debug|x64
		{CB70DE98-F535-4C66-B90F-7AD99179F2B1}.Debug|x64.Build.0 = Debug|x64
		{CB70DE98-F535-4C66-B90F-7AD99179F2B1}.Debug|x86.ActiveCfg = Debug|x86
		{CB70DE98-F535-4C66-B90F-7AD99179F2B1}.Debug|x86.Build.0 = Debug|x86
		{CB70DE98-F535-4C66-B90F-7AD99179F2B1}.Release|Any CPU.ActiveCfg = Release|Any CPU
		{CB70DE98-F535-4C66-B90F-7AD99179F2B1}.Release|Any CPU.Build.0 = Release|Any CPU
		{CB70DE98-F535-4C66-B90F-7AD99179F2B1}.Release|ARM.ActiveCfg = Release|Any CPU
		{CB70DE98-F535-4C66-B90F-7AD99179F2B1}.Release|ARM.Build.0 = Release|Any CPU
		{CB70DE98-F535-4C66-B90F-7AD99179F2B1}.Release|ARM64.ActiveCfg = Release|Any CPU
		{CB70DE98-F535-4C66-B90F-7AD99179F2B1}.Release|ARM64.Build.0 = Release|Any CPU
		{CB70DE98-F535-4C66-B90F-7AD99179F2B1}.Release|x64.ActiveCfg = Release|x64
		{CB70DE98-F535-4C66-B90F-7AD99179F2B1}.Release|x64.Build.0 = Release|x64
		{CB70DE98-F535-4C66-B90F-7AD99179F2B1}.Release|x86.ActiveCfg = Release|x86
		{CB70DE98-F535-4C66-B90F-7AD99179F2B1}.Release|x86.Build.0 = Release|x86
		{360D50AE-7898-4FA3-B590-2CF3E8621B73}.Debug|Any CPU.ActiveCfg = Debug|Any CPU
		{360D50AE-7898-4FA3-B590-2CF3E8621B73}.Debug|Any CPU.Build.0 = Debug|Any CPU
		{360D50AE-7898-4FA3-B590-2CF3E8621B73}.Debug|ARM.ActiveCfg = Debug|Any CPU
		{360D50AE-7898-4FA3-B590-2CF3E8621B73}.Debug|ARM.Build.0 = Debug|Any CPU
		{360D50AE-7898-4FA3-B590-2CF3E8621B73}.Debug|ARM64.ActiveCfg = Debug|Any CPU
		{360D50AE-7898-4FA3-B590-2CF3E8621B73}.Debug|ARM64.Build.0 = Debug|Any CPU
		{360D50AE-7898-4FA3-B590-2CF3E8621B73}.Debug|x64.ActiveCfg = Debug|Any CPU
		{360D50AE-7898-4FA3-B590-2CF3E8621B73}.Debug|x64.Build.0 = Debug|Any CPU
		{360D50AE-7898-4FA3-B590-2CF3E8621B73}.Debug|x86.ActiveCfg = Debug|Any CPU
		{360D50AE-7898-4FA3-B590-2CF3E8621B73}.Debug|x86.Build.0 = Debug|Any CPU
		{360D50AE-7898-4FA3-B590-2CF3E8621B73}.Release|Any CPU.ActiveCfg = Release|Any CPU
		{360D50AE-7898-4FA3-B590-2CF3E8621B73}.Release|Any CPU.Build.0 = Release|Any CPU
		{360D50AE-7898-4FA3-B590-2CF3E8621B73}.Release|ARM.ActiveCfg = Release|Any CPU
		{360D50AE-7898-4FA3-B590-2CF3E8621B73}.Release|ARM.Build.0 = Release|Any CPU
		{360D50AE-7898-4FA3-B590-2CF3E8621B73}.Release|ARM64.ActiveCfg = Release|Any CPU
		{360D50AE-7898-4FA3-B590-2CF3E8621B73}.Release|ARM64.Build.0 = Release|Any CPU
		{360D50AE-7898-4FA3-B590-2CF3E8621B73}.Release|x64.ActiveCfg = Release|Any CPU
		{360D50AE-7898-4FA3-B590-2CF3E8621B73}.Release|x64.Build.0 = Release|Any CPU
		{360D50AE-7898-4FA3-B590-2CF3E8621B73}.Release|x86.ActiveCfg = Release|Any CPU
		{360D50AE-7898-4FA3-B590-2CF3E8621B73}.Release|x86.Build.0 = Release|Any CPU
		{3466A4AB-4C36-48E3-964A-CAB385B4169D}.Debug|Any CPU.ActiveCfg = Debug|Any CPU
		{3466A4AB-4C36-48E3-964A-CAB385B4169D}.Debug|Any CPU.Build.0 = Debug|Any CPU
		{3466A4AB-4C36-48E3-964A-CAB385B4169D}.Debug|ARM.ActiveCfg = Debug|Any CPU
		{3466A4AB-4C36-48E3-964A-CAB385B4169D}.Debug|ARM.Build.0 = Debug|Any CPU
		{3466A4AB-4C36-48E3-964A-CAB385B4169D}.Debug|ARM64.ActiveCfg = Debug|Any CPU
		{3466A4AB-4C36-48E3-964A-CAB385B4169D}.Debug|ARM64.Build.0 = Debug|Any CPU
		{3466A4AB-4C36-48E3-964A-CAB385B4169D}.Debug|x64.ActiveCfg = Debug|Any CPU
		{3466A4AB-4C36-48E3-964A-CAB385B4169D}.Debug|x64.Build.0 = Debug|Any CPU
		{3466A4AB-4C36-48E3-964A-CAB385B4169D}.Debug|x86.ActiveCfg = Debug|Any CPU
		{3466A4AB-4C36-48E3-964A-CAB385B4169D}.Debug|x86.Build.0 = Debug|Any CPU
		{3466A4AB-4C36-48E3-964A-CAB385B4169D}.Release|Any CPU.ActiveCfg = Release|Any CPU
		{3466A4AB-4C36-48E3-964A-CAB385B4169D}.Release|Any CPU.Build.0 = Release|Any CPU
		{3466A4AB-4C36-48E3-964A-CAB385B4169D}.Release|ARM.ActiveCfg = Release|Any CPU
		{3466A4AB-4C36-48E3-964A-CAB385B4169D}.Release|ARM.Build.0 = Release|Any CPU
		{3466A4AB-4C36-48E3-964A-CAB385B4169D}.Release|ARM64.ActiveCfg = Release|Any CPU
		{3466A4AB-4C36-48E3-964A-CAB385B4169D}.Release|ARM64.Build.0 = Release|Any CPU
		{3466A4AB-4C36-48E3-964A-CAB385B4169D}.Release|x64.ActiveCfg = Release|Any CPU
		{3466A4AB-4C36-48E3-964A-CAB385B4169D}.Release|x64.Build.0 = Release|Any CPU
		{3466A4AB-4C36-48E3-964A-CAB385B4169D}.Release|x86.ActiveCfg = Release|Any CPU
		{3466A4AB-4C36-48E3-964A-CAB385B4169D}.Release|x86.Build.0 = Release|Any CPU
		{414260BC-CEDE-4192-B8A7-485A228CCAEA}.Debug|Any CPU.ActiveCfg = Debug|Any CPU
		{414260BC-CEDE-4192-B8A7-485A228CCAEA}.Debug|Any CPU.Build.0 = Debug|Any CPU
		{414260BC-CEDE-4192-B8A7-485A228CCAEA}.Debug|ARM.ActiveCfg = Debug|Any CPU
		{414260BC-CEDE-4192-B8A7-485A228CCAEA}.Debug|ARM64.ActiveCfg = Debug|Any CPU
		{414260BC-CEDE-4192-B8A7-485A228CCAEA}.Debug|x64.ActiveCfg = Debug|Any CPU
		{414260BC-CEDE-4192-B8A7-485A228CCAEA}.Debug|x64.Build.0 = Debug|Any CPU
		{414260BC-CEDE-4192-B8A7-485A228CCAEA}.Debug|x86.ActiveCfg = Debug|Any CPU
		{414260BC-CEDE-4192-B8A7-485A228CCAEA}.Debug|x86.Build.0 = Debug|Any CPU
		{414260BC-CEDE-4192-B8A7-485A228CCAEA}.Release|Any CPU.ActiveCfg = Release|Any CPU
		{414260BC-CEDE-4192-B8A7-485A228CCAEA}.Release|Any CPU.Build.0 = Release|Any CPU
		{414260BC-CEDE-4192-B8A7-485A228CCAEA}.Release|ARM.ActiveCfg = Release|Any CPU
		{414260BC-CEDE-4192-B8A7-485A228CCAEA}.Release|ARM64.ActiveCfg = Release|Any CPU
		{414260BC-CEDE-4192-B8A7-485A228CCAEA}.Release|x64.ActiveCfg = Release|Any CPU
		{414260BC-CEDE-4192-B8A7-485A228CCAEA}.Release|x64.Build.0 = Release|Any CPU
		{414260BC-CEDE-4192-B8A7-485A228CCAEA}.Release|x86.ActiveCfg = Release|Any CPU
		{414260BC-CEDE-4192-B8A7-485A228CCAEA}.Release|x86.Build.0 = Release|Any CPU
		{FA1B0AF3-F46C-47D3-9065-0E00EE25E74B}.Debug|Any CPU.ActiveCfg = Debug|Any CPU
		{FA1B0AF3-F46C-47D3-9065-0E00EE25E74B}.Debug|Any CPU.Build.0 = Debug|Any CPU
		{FA1B0AF3-F46C-47D3-9065-0E00EE25E74B}.Debug|ARM.ActiveCfg = Debug|Any CPU
		{FA1B0AF3-F46C-47D3-9065-0E00EE25E74B}.Debug|ARM.Build.0 = Debug|Any CPU
		{FA1B0AF3-F46C-47D3-9065-0E00EE25E74B}.Debug|ARM64.ActiveCfg = Debug|Any CPU
		{FA1B0AF3-F46C-47D3-9065-0E00EE25E74B}.Debug|ARM64.Build.0 = Debug|Any CPU
		{FA1B0AF3-F46C-47D3-9065-0E00EE25E74B}.Debug|x64.ActiveCfg = Debug|Any CPU
		{FA1B0AF3-F46C-47D3-9065-0E00EE25E74B}.Debug|x64.Build.0 = Debug|Any CPU
		{FA1B0AF3-F46C-47D3-9065-0E00EE25E74B}.Debug|x86.ActiveCfg = Debug|Any CPU
		{FA1B0AF3-F46C-47D3-9065-0E00EE25E74B}.Debug|x86.Build.0 = Debug|Any CPU
		{FA1B0AF3-F46C-47D3-9065-0E00EE25E74B}.Release|Any CPU.ActiveCfg = Release|Any CPU
		{FA1B0AF3-F46C-47D3-9065-0E00EE25E74B}.Release|Any CPU.Build.0 = Release|Any CPU
		{FA1B0AF3-F46C-47D3-9065-0E00EE25E74B}.Release|ARM.ActiveCfg = Release|Any CPU
		{FA1B0AF3-F46C-47D3-9065-0E00EE25E74B}.Release|ARM.Build.0 = Release|Any CPU
		{FA1B0AF3-F46C-47D3-9065-0E00EE25E74B}.Release|ARM64.ActiveCfg = Release|Any CPU
		{FA1B0AF3-F46C-47D3-9065-0E00EE25E74B}.Release|ARM64.Build.0 = Release|Any CPU
		{FA1B0AF3-F46C-47D3-9065-0E00EE25E74B}.Release|x64.ActiveCfg = Release|Any CPU
		{FA1B0AF3-F46C-47D3-9065-0E00EE25E74B}.Release|x64.Build.0 = Release|Any CPU
		{FA1B0AF3-F46C-47D3-9065-0E00EE25E74B}.Release|x86.ActiveCfg = Release|Any CPU
		{FA1B0AF3-F46C-47D3-9065-0E00EE25E74B}.Release|x86.Build.0 = Release|Any CPU
		{EEB21BC3-6775-4775-87A0-369058174F1C}.Debug|Any CPU.ActiveCfg = Debug|Any CPU
		{EEB21BC3-6775-4775-87A0-369058174F1C}.Debug|Any CPU.Build.0 = Debug|Any CPU
		{EEB21BC3-6775-4775-87A0-369058174F1C}.Debug|ARM.ActiveCfg = Debug|Any CPU
		{EEB21BC3-6775-4775-87A0-369058174F1C}.Debug|ARM.Build.0 = Debug|Any CPU
		{EEB21BC3-6775-4775-87A0-369058174F1C}.Debug|ARM64.ActiveCfg = Debug|Any CPU
		{EEB21BC3-6775-4775-87A0-369058174F1C}.Debug|ARM64.Build.0 = Debug|Any CPU
		{EEB21BC3-6775-4775-87A0-369058174F1C}.Debug|x64.ActiveCfg = Debug|Any CPU
		{EEB21BC3-6775-4775-87A0-369058174F1C}.Debug|x64.Build.0 = Debug|Any CPU
		{EEB21BC3-6775-4775-87A0-369058174F1C}.Debug|x86.ActiveCfg = Debug|Any CPU
		{EEB21BC3-6775-4775-87A0-369058174F1C}.Debug|x86.Build.0 = Debug|Any CPU
		{EEB21BC3-6775-4775-87A0-369058174F1C}.Release|Any CPU.ActiveCfg = Release|Any CPU
		{EEB21BC3-6775-4775-87A0-369058174F1C}.Release|Any CPU.Build.0 = Release|Any CPU
		{EEB21BC3-6775-4775-87A0-369058174F1C}.Release|ARM.ActiveCfg = Release|Any CPU
		{EEB21BC3-6775-4775-87A0-369058174F1C}.Release|ARM.Build.0 = Release|Any CPU
		{EEB21BC3-6775-4775-87A0-369058174F1C}.Release|ARM64.ActiveCfg = Release|Any CPU
		{EEB21BC3-6775-4775-87A0-369058174F1C}.Release|ARM64.Build.0 = Release|Any CPU
		{EEB21BC3-6775-4775-87A0-369058174F1C}.Release|x64.ActiveCfg = Release|Any CPU
		{EEB21BC3-6775-4775-87A0-369058174F1C}.Release|x64.Build.0 = Release|Any CPU
		{EEB21BC3-6775-4775-87A0-369058174F1C}.Release|x86.ActiveCfg = Release|Any CPU
		{EEB21BC3-6775-4775-87A0-369058174F1C}.Release|x86.Build.0 = Release|Any CPU
		{9F29EA8A-565E-4684-BA56-F92E8ED6D46D}.Debug|Any CPU.ActiveCfg = Debug|Any CPU
		{9F29EA8A-565E-4684-BA56-F92E8ED6D46D}.Debug|Any CPU.Build.0 = Debug|Any CPU
		{9F29EA8A-565E-4684-BA56-F92E8ED6D46D}.Debug|Any CPU.Deploy.0 = Debug|Any CPU
		{9F29EA8A-565E-4684-BA56-F92E8ED6D46D}.Debug|ARM.ActiveCfg = Debug|Any CPU
		{9F29EA8A-565E-4684-BA56-F92E8ED6D46D}.Debug|ARM.Build.0 = Debug|Any CPU
		{9F29EA8A-565E-4684-BA56-F92E8ED6D46D}.Debug|ARM.Deploy.0 = Debug|Any CPU
		{9F29EA8A-565E-4684-BA56-F92E8ED6D46D}.Debug|ARM64.ActiveCfg = Debug|Any CPU
		{9F29EA8A-565E-4684-BA56-F92E8ED6D46D}.Debug|ARM64.Build.0 = Debug|Any CPU
		{9F29EA8A-565E-4684-BA56-F92E8ED6D46D}.Debug|ARM64.Deploy.0 = Debug|Any CPU
		{9F29EA8A-565E-4684-BA56-F92E8ED6D46D}.Debug|x64.ActiveCfg = Debug|x64
		{9F29EA8A-565E-4684-BA56-F92E8ED6D46D}.Debug|x64.Build.0 = Debug|x64
		{9F29EA8A-565E-4684-BA56-F92E8ED6D46D}.Debug|x64.Deploy.0 = Debug|x64
		{9F29EA8A-565E-4684-BA56-F92E8ED6D46D}.Debug|x86.ActiveCfg = Debug|x86
		{9F29EA8A-565E-4684-BA56-F92E8ED6D46D}.Debug|x86.Build.0 = Debug|x86
		{9F29EA8A-565E-4684-BA56-F92E8ED6D46D}.Debug|x86.Deploy.0 = Debug|x86
		{9F29EA8A-565E-4684-BA56-F92E8ED6D46D}.Release|Any CPU.ActiveCfg = Release|Any CPU
		{9F29EA8A-565E-4684-BA56-F92E8ED6D46D}.Release|Any CPU.Build.0 = Release|Any CPU
		{9F29EA8A-565E-4684-BA56-F92E8ED6D46D}.Release|Any CPU.Deploy.0 = Release|Any CPU
		{9F29EA8A-565E-4684-BA56-F92E8ED6D46D}.Release|ARM.ActiveCfg = Release|Any CPU
		{9F29EA8A-565E-4684-BA56-F92E8ED6D46D}.Release|ARM.Build.0 = Release|Any CPU
		{9F29EA8A-565E-4684-BA56-F92E8ED6D46D}.Release|ARM.Deploy.0 = Release|Any CPU
		{9F29EA8A-565E-4684-BA56-F92E8ED6D46D}.Release|ARM64.ActiveCfg = Release|Any CPU
		{9F29EA8A-565E-4684-BA56-F92E8ED6D46D}.Release|ARM64.Build.0 = Release|Any CPU
		{9F29EA8A-565E-4684-BA56-F92E8ED6D46D}.Release|ARM64.Deploy.0 = Release|Any CPU
		{9F29EA8A-565E-4684-BA56-F92E8ED6D46D}.Release|x64.ActiveCfg = Release|x64
		{9F29EA8A-565E-4684-BA56-F92E8ED6D46D}.Release|x64.Build.0 = Release|x64
		{9F29EA8A-565E-4684-BA56-F92E8ED6D46D}.Release|x64.Deploy.0 = Release|x64
		{9F29EA8A-565E-4684-BA56-F92E8ED6D46D}.Release|x86.ActiveCfg = Release|x86
		{9F29EA8A-565E-4684-BA56-F92E8ED6D46D}.Release|x86.Build.0 = Release|x86
		{9F29EA8A-565E-4684-BA56-F92E8ED6D46D}.Release|x86.Deploy.0 = Release|x86
		{37BC2EA8-AB4E-4129-A450-C4E772E708A8}.Debug|Any CPU.ActiveCfg = Debug|Any CPU
		{37BC2EA8-AB4E-4129-A450-C4E772E708A8}.Debug|Any CPU.Build.0 = Debug|Any CPU
		{37BC2EA8-AB4E-4129-A450-C4E772E708A8}.Debug|ARM.ActiveCfg = Debug|Any CPU
		{37BC2EA8-AB4E-4129-A450-C4E772E708A8}.Debug|ARM.Build.0 = Debug|Any CPU
		{37BC2EA8-AB4E-4129-A450-C4E772E708A8}.Debug|ARM64.ActiveCfg = Debug|Any CPU
		{37BC2EA8-AB4E-4129-A450-C4E772E708A8}.Debug|ARM64.Build.0 = Debug|Any CPU
		{37BC2EA8-AB4E-4129-A450-C4E772E708A8}.Debug|x64.ActiveCfg = Debug|Any CPU
		{37BC2EA8-AB4E-4129-A450-C4E772E708A8}.Debug|x64.Build.0 = Debug|Any CPU
		{37BC2EA8-AB4E-4129-A450-C4E772E708A8}.Debug|x86.ActiveCfg = Debug|Any CPU
		{37BC2EA8-AB4E-4129-A450-C4E772E708A8}.Debug|x86.Build.0 = Debug|Any CPU
		{37BC2EA8-AB4E-4129-A450-C4E772E708A8}.Release|Any CPU.ActiveCfg = Release|Any CPU
		{37BC2EA8-AB4E-4129-A450-C4E772E708A8}.Release|Any CPU.Build.0 = Release|Any CPU
		{37BC2EA8-AB4E-4129-A450-C4E772E708A8}.Release|ARM.ActiveCfg = Release|Any CPU
		{37BC2EA8-AB4E-4129-A450-C4E772E708A8}.Release|ARM.Build.0 = Release|Any CPU
		{37BC2EA8-AB4E-4129-A450-C4E772E708A8}.Release|ARM64.ActiveCfg = Release|Any CPU
		{37BC2EA8-AB4E-4129-A450-C4E772E708A8}.Release|ARM64.Build.0 = Release|Any CPU
		{37BC2EA8-AB4E-4129-A450-C4E772E708A8}.Release|x64.ActiveCfg = Release|Any CPU
		{37BC2EA8-AB4E-4129-A450-C4E772E708A8}.Release|x64.Build.0 = Release|Any CPU
		{37BC2EA8-AB4E-4129-A450-C4E772E708A8}.Release|x86.ActiveCfg = Release|Any CPU
		{37BC2EA8-AB4E-4129-A450-C4E772E708A8}.Release|x86.Build.0 = Release|Any CPU
		{FA967937-9DA0-4FC3-86E2-6D3E5EEC504C}.Debug|Any CPU.ActiveCfg = Debug|Any CPU
		{FA967937-9DA0-4FC3-86E2-6D3E5EEC504C}.Debug|Any CPU.Build.0 = Debug|Any CPU
		{FA967937-9DA0-4FC3-86E2-6D3E5EEC504C}.Debug|ARM.ActiveCfg = Debug|Any CPU
		{FA967937-9DA0-4FC3-86E2-6D3E5EEC504C}.Debug|ARM.Build.0 = Debug|Any CPU
		{FA967937-9DA0-4FC3-86E2-6D3E5EEC504C}.Debug|ARM64.ActiveCfg = Debug|Any CPU
		{FA967937-9DA0-4FC3-86E2-6D3E5EEC504C}.Debug|ARM64.Build.0 = Debug|Any CPU
		{FA967937-9DA0-4FC3-86E2-6D3E5EEC504C}.Debug|x64.ActiveCfg = Debug|Any CPU
		{FA967937-9DA0-4FC3-86E2-6D3E5EEC504C}.Debug|x64.Build.0 = Debug|Any CPU
		{FA967937-9DA0-4FC3-86E2-6D3E5EEC504C}.Debug|x86.ActiveCfg = Debug|Any CPU
		{FA967937-9DA0-4FC3-86E2-6D3E5EEC504C}.Debug|x86.Build.0 = Debug|Any CPU
		{FA967937-9DA0-4FC3-86E2-6D3E5EEC504C}.Release|Any CPU.ActiveCfg = Release|Any CPU
		{FA967937-9DA0-4FC3-86E2-6D3E5EEC504C}.Release|Any CPU.Build.0 = Release|Any CPU
		{FA967937-9DA0-4FC3-86E2-6D3E5EEC504C}.Release|ARM.ActiveCfg = Release|Any CPU
		{FA967937-9DA0-4FC3-86E2-6D3E5EEC504C}.Release|ARM.Build.0 = Release|Any CPU
		{FA967937-9DA0-4FC3-86E2-6D3E5EEC504C}.Release|ARM64.ActiveCfg = Release|Any CPU
		{FA967937-9DA0-4FC3-86E2-6D3E5EEC504C}.Release|ARM64.Build.0 = Release|Any CPU
		{FA967937-9DA0-4FC3-86E2-6D3E5EEC504C}.Release|x64.ActiveCfg = Release|Any CPU
		{FA967937-9DA0-4FC3-86E2-6D3E5EEC504C}.Release|x64.Build.0 = Release|Any CPU
		{FA967937-9DA0-4FC3-86E2-6D3E5EEC504C}.Release|x86.ActiveCfg = Release|Any CPU
		{FA967937-9DA0-4FC3-86E2-6D3E5EEC504C}.Release|x86.Build.0 = Release|Any CPU
		{F8E6820F-1979-4289-BD3D-B542F907FE48}.Debug|Any CPU.ActiveCfg = Debug|Any CPU
		{F8E6820F-1979-4289-BD3D-B542F907FE48}.Debug|Any CPU.Build.0 = Debug|Any CPU
		{F8E6820F-1979-4289-BD3D-B542F907FE48}.Debug|ARM.ActiveCfg = Debug|Any CPU
		{F8E6820F-1979-4289-BD3D-B542F907FE48}.Debug|ARM.Build.0 = Debug|Any CPU
		{F8E6820F-1979-4289-BD3D-B542F907FE48}.Debug|ARM64.ActiveCfg = Debug|Any CPU
		{F8E6820F-1979-4289-BD3D-B542F907FE48}.Debug|ARM64.Build.0 = Debug|Any CPU
		{F8E6820F-1979-4289-BD3D-B542F907FE48}.Debug|x64.ActiveCfg = Debug|Any CPU
		{F8E6820F-1979-4289-BD3D-B542F907FE48}.Debug|x64.Build.0 = Debug|Any CPU
		{F8E6820F-1979-4289-BD3D-B542F907FE48}.Debug|x86.ActiveCfg = Debug|Any CPU
		{F8E6820F-1979-4289-BD3D-B542F907FE48}.Debug|x86.Build.0 = Debug|Any CPU
		{F8E6820F-1979-4289-BD3D-B542F907FE48}.Release|Any CPU.ActiveCfg = Release|Any CPU
		{F8E6820F-1979-4289-BD3D-B542F907FE48}.Release|Any CPU.Build.0 = Release|Any CPU
		{F8E6820F-1979-4289-BD3D-B542F907FE48}.Release|ARM.ActiveCfg = Release|Any CPU
		{F8E6820F-1979-4289-BD3D-B542F907FE48}.Release|ARM.Build.0 = Release|Any CPU
		{F8E6820F-1979-4289-BD3D-B542F907FE48}.Release|ARM64.ActiveCfg = Release|Any CPU
		{F8E6820F-1979-4289-BD3D-B542F907FE48}.Release|ARM64.Build.0 = Release|Any CPU
		{F8E6820F-1979-4289-BD3D-B542F907FE48}.Release|x64.ActiveCfg = Release|Any CPU
		{F8E6820F-1979-4289-BD3D-B542F907FE48}.Release|x64.Build.0 = Release|Any CPU
		{F8E6820F-1979-4289-BD3D-B542F907FE48}.Release|x86.ActiveCfg = Release|Any CPU
		{F8E6820F-1979-4289-BD3D-B542F907FE48}.Release|x86.Build.0 = Release|Any CPU
		{34F625AC-7474-4D8A-8E41-83A84F376383}.Debug|Any CPU.ActiveCfg = Debug|Any CPU
		{34F625AC-7474-4D8A-8E41-83A84F376383}.Debug|Any CPU.Build.0 = Debug|Any CPU
		{34F625AC-7474-4D8A-8E41-83A84F376383}.Debug|ARM.ActiveCfg = Debug|Any CPU
		{34F625AC-7474-4D8A-8E41-83A84F376383}.Debug|ARM.Build.0 = Debug|Any CPU
		{34F625AC-7474-4D8A-8E41-83A84F376383}.Debug|ARM64.ActiveCfg = Debug|Any CPU
		{34F625AC-7474-4D8A-8E41-83A84F376383}.Debug|ARM64.Build.0 = Debug|Any CPU
		{34F625AC-7474-4D8A-8E41-83A84F376383}.Debug|x64.ActiveCfg = Debug|Any CPU
		{34F625AC-7474-4D8A-8E41-83A84F376383}.Debug|x64.Build.0 = Debug|Any CPU
		{34F625AC-7474-4D8A-8E41-83A84F376383}.Debug|x86.ActiveCfg = Debug|Any CPU
		{34F625AC-7474-4D8A-8E41-83A84F376383}.Debug|x86.Build.0 = Debug|Any CPU
		{34F625AC-7474-4D8A-8E41-83A84F376383}.Release|Any CPU.ActiveCfg = Release|Any CPU
		{34F625AC-7474-4D8A-8E41-83A84F376383}.Release|Any CPU.Build.0 = Release|Any CPU
		{34F625AC-7474-4D8A-8E41-83A84F376383}.Release|ARM.ActiveCfg = Release|Any CPU
		{34F625AC-7474-4D8A-8E41-83A84F376383}.Release|ARM.Build.0 = Release|Any CPU
		{34F625AC-7474-4D8A-8E41-83A84F376383}.Release|ARM64.ActiveCfg = Release|Any CPU
		{34F625AC-7474-4D8A-8E41-83A84F376383}.Release|ARM64.Build.0 = Release|Any CPU
		{34F625AC-7474-4D8A-8E41-83A84F376383}.Release|x64.ActiveCfg = Release|Any CPU
		{34F625AC-7474-4D8A-8E41-83A84F376383}.Release|x64.Build.0 = Release|Any CPU
		{34F625AC-7474-4D8A-8E41-83A84F376383}.Release|x86.ActiveCfg = Release|Any CPU
		{34F625AC-7474-4D8A-8E41-83A84F376383}.Release|x86.Build.0 = Release|Any CPU
		{1DE7784E-B71B-47B9-AD4D-1C4FA55A86B5}.Debug|Any CPU.ActiveCfg = Debug|Any CPU
		{1DE7784E-B71B-47B9-AD4D-1C4FA55A86B5}.Debug|Any CPU.Build.0 = Debug|Any CPU
		{1DE7784E-B71B-47B9-AD4D-1C4FA55A86B5}.Debug|Any CPU.Deploy.0 = Debug|Any CPU
		{1DE7784E-B71B-47B9-AD4D-1C4FA55A86B5}.Debug|ARM.ActiveCfg = Debug|ARM
		{1DE7784E-B71B-47B9-AD4D-1C4FA55A86B5}.Debug|ARM.Build.0 = Debug|ARM
		{1DE7784E-B71B-47B9-AD4D-1C4FA55A86B5}.Debug|ARM.Deploy.0 = Debug|ARM
		{1DE7784E-B71B-47B9-AD4D-1C4FA55A86B5}.Debug|ARM64.ActiveCfg = Debug|ARM64
		{1DE7784E-B71B-47B9-AD4D-1C4FA55A86B5}.Debug|ARM64.Build.0 = Debug|ARM64
		{1DE7784E-B71B-47B9-AD4D-1C4FA55A86B5}.Debug|ARM64.Deploy.0 = Debug|ARM64
		{1DE7784E-B71B-47B9-AD4D-1C4FA55A86B5}.Debug|x64.ActiveCfg = Debug|x64
		{1DE7784E-B71B-47B9-AD4D-1C4FA55A86B5}.Debug|x64.Build.0 = Debug|x64
		{1DE7784E-B71B-47B9-AD4D-1C4FA55A86B5}.Debug|x64.Deploy.0 = Debug|x64
		{1DE7784E-B71B-47B9-AD4D-1C4FA55A86B5}.Debug|x86.ActiveCfg = Debug|x86
		{1DE7784E-B71B-47B9-AD4D-1C4FA55A86B5}.Debug|x86.Build.0 = Debug|x86
		{1DE7784E-B71B-47B9-AD4D-1C4FA55A86B5}.Debug|x86.Deploy.0 = Debug|x86
		{1DE7784E-B71B-47B9-AD4D-1C4FA55A86B5}.Release|Any CPU.ActiveCfg = Release|Any CPU
		{1DE7784E-B71B-47B9-AD4D-1C4FA55A86B5}.Release|Any CPU.Build.0 = Release|Any CPU
		{1DE7784E-B71B-47B9-AD4D-1C4FA55A86B5}.Release|Any CPU.Deploy.0 = Release|Any CPU
		{1DE7784E-B71B-47B9-AD4D-1C4FA55A86B5}.Release|ARM.ActiveCfg = Release|ARM
		{1DE7784E-B71B-47B9-AD4D-1C4FA55A86B5}.Release|ARM.Build.0 = Release|ARM
		{1DE7784E-B71B-47B9-AD4D-1C4FA55A86B5}.Release|ARM.Deploy.0 = Release|ARM
		{1DE7784E-B71B-47B9-AD4D-1C4FA55A86B5}.Release|ARM64.ActiveCfg = Release|ARM64
		{1DE7784E-B71B-47B9-AD4D-1C4FA55A86B5}.Release|ARM64.Build.0 = Release|ARM64
		{1DE7784E-B71B-47B9-AD4D-1C4FA55A86B5}.Release|ARM64.Deploy.0 = Release|ARM64
		{1DE7784E-B71B-47B9-AD4D-1C4FA55A86B5}.Release|x64.ActiveCfg = Release|x64
		{1DE7784E-B71B-47B9-AD4D-1C4FA55A86B5}.Release|x64.Build.0 = Release|x64
		{1DE7784E-B71B-47B9-AD4D-1C4FA55A86B5}.Release|x64.Deploy.0 = Release|x64
		{1DE7784E-B71B-47B9-AD4D-1C4FA55A86B5}.Release|x86.ActiveCfg = Release|x86
		{1DE7784E-B71B-47B9-AD4D-1C4FA55A86B5}.Release|x86.Build.0 = Release|x86
		{1DE7784E-B71B-47B9-AD4D-1C4FA55A86B5}.Release|x86.Deploy.0 = Release|x86
	EndGlobalSection
	GlobalSection(SolutionProperties) = preSolution
		HideSolutionNode = FALSE
	EndGlobalSection
	GlobalSection(ExtensibilityGlobals) = postSolution
		SolutionGuid = {1318D86A-F095-4079-9F16-B21716227F6D}
	EndGlobalSection
EndGlobal
